
Microsoft Visual Studio Solution File, Format Version 12.00
# Visual Studio Version 16
VisualStudioVersion = 16.0.30804.86
MinimumVisualStudioVersion = 10.0.40219.1
Project("{FAE04EC0-301F-11D3-BF4B-00C04F79EFBC}") = "Practical-WAD", "Practical-WAD\Practical-WAD.csproj", "{0703D759-9E41-482A-B2BA-CB8844E46A1A}"
EndProject
Global
	GlobalSection(SolutionConfigurationPlatforms) = preSolution
		Debug|Any CPU = Debug|Any CPU
		Release|Any CPU = Release|Any CPU
	EndGlobalSection
	GlobalSection(ProjectConfigurationPlatforms) = postSolution
		{0703D759-9E41-482A-B2BA-CB8844E46A1A}.Debug|Any CPU.ActiveCfg = Debug|Any CPU
		{0703D759-9E41-482A-B2BA-CB8844E46A1A}.Debug|Any CPU.Build.0 = Debug|Any CPU
		{0703D759-9E41-482A-B2BA-CB8844E46A1A}.Release|Any CPU.ActiveCfg = Release|Any CPU
		{0703D759-9E41-482A-B2BA-CB8844E46A1A}.Release|Any CPU.Build.0 = Release|Any CPU
	EndGlobalSection
	GlobalSection(SolutionProperties) = preSolution
		HideSolutionNode = FALSE
	EndGlobalSection
	GlobalSection(ExtensibilityGlobals) = postSolution
		SolutionGuid = {11B20701-5F96-4E2F-AE5F-6E281EE0001C}
	EndGlobalSection
EndGlobal
